
Microsoft Visual Studio Solution File, Format Version 12.00
# Visual Studio Version 16
VisualStudioVersion = 16.0.29613.14
MinimumVisualStudioVersion = 10.0.40219.1
Project("{FAE04EC0-301F-11D3-BF4B-00C04F79EFBC}") = "Blog", "Blog.csproj", "{AD81E350-E93F-4131-B131-4DDE38773294}"
EndProject
Global
	GlobalSection(SolutionConfigurationPlatforms) = preSolution
		Debug|Any CPU = Debug|Any CPU
		Release|Any CPU = Release|Any CPU
	EndGlobalSection
	GlobalSection(ProjectConfigurationPlatforms) = postSolution
		{AD81E350-E93F-4131-B131-4DDE38773294}.Debug|Any CPU.ActiveCfg = Debug|Any CPU
		{AD81E350-E93F-4131-B131-4DDE38773294}.Debug|Any CPU.Build.0 = Debug|Any CPU
		{AD81E350-E93F-4131-B131-4DDE38773294}.Release|Any CPU.ActiveCfg = Release|Any CPU
		{AD81E350-E93F-4131-B131-4DDE38773294}.Release|Any CPU.Build.0 = Release|Any CPU
	EndGlobalSection
	GlobalSection(SolutionProperties) = preSolution
		HideSolutionNode = FALSE
	EndGlobalSection
	GlobalSection(ExtensibilityGlobals) = postSolution
		SolutionGuid = {6C3ECE58-302C-431D-9483-61155E7078AA}
	EndGlobalSection
EndGlobal
